
Microsoft Visual Studio Solution File, Format Version 12.00
# Visual Studio Version 16
VisualStudioVersion = 16.0.29613.14
MinimumVisualStudioVersion = 10.0.40219.1
Project("{888888A0-9F3D-457C-B088-3A5042F75D52}") = "COVIDReport", "COVIDReport\COVIDReport.pyproj", "{680E1C3F-9AFC-4A16-AB50-BFB9430A409B}"
EndProject
Global
	GlobalSection(SolutionConfigurationPlatforms) = preSolution
		Debug|Any CPU = Debug|Any CPU
		Release|Any CPU = Release|Any CPU
	EndGlobalSection
	GlobalSection(ProjectConfigurationPlatforms) = postSolution
		{680E1C3F-9AFC-4A16-AB50-BFB9430A409B}.Debug|Any CPU.ActiveCfg = Debug|Any CPU
		{680E1C3F-9AFC-4A16-AB50-BFB9430A409B}.Debug|Any CPU.Build.0 = Debug|Any CPU
		{680E1C3F-9AFC-4A16-AB50-BFB9430A409B}.Release|Any CPU.ActiveCfg = Release|Any CPU
		{680E1C3F-9AFC-4A16-AB50-BFB9430A409B}.Release|Any CPU.Build.0 = Release|Any CPU
	EndGlobalSection
	GlobalSection(SolutionProperties) = preSolution
		HideSolutionNode = FALSE
	EndGlobalSection
	GlobalSection(ExtensibilityGlobals) = postSolution
		SolutionGuid = {0869C062-F83D-4627-B63B-DB920835C92A}
	EndGlobalSection
EndGlobal
